
Microsoft Visual Studio Solution File, Format Version 12.00
Project("{2150E333-8FDC-42A3-9474-1A3956D46DE8}") = "src", "src", "{544E958D-33B6-4562-A698-DD1E4B421CE9}"
EndProject
Project("{2150E333-8FDC-42A3-9474-1A3956D46DE8}") = "API", "API", "{C820C304-29B7-424D-87CF-BE22C6B27D0B}"
EndProject
Project("{FAE04EC0-301F-11D3-BF4B-00C04F79EFBC}") = "LaunchEase.Api", "src\API\LaunchEase.Api\LaunchEase.Api.csproj", "{BD65B284-FC6F-491D-BB94-0C11206A32C9}"
EndProject
Project("{2150E333-8FDC-42A3-9474-1A3956D46DE8}") = "Common", "Common", "{53843EF9-A880-4AEA-A39C-30FDE5A796E7}"
EndProject
Project("{FAE04EC0-301F-11D3-BF4B-00C04F79EFBC}") = "Common.Domain", "src\Common\Common.Domain\Common.Domain.csproj", "{A95C2C50-F4DB-4AA2-92DD-5C448577F4B0}"
EndProject
Project("{FAE04EC0-301F-11D3-BF4B-00C04F79EFBC}") = "Common.Application", "src\Common\Common.Application\Common.Application.csproj", "{15ED7768-AABB-4A82-96EF-4FE6534B09EB}"
EndProject
Project("{FAE04EC0-301F-11D3-BF4B-00C04F79EFBC}") = "Common.Infrastructure", "src\Common\Common.Infrastructure\Common.Infrastructure.csproj", "{D4A455F8-BC3F-4788-BAC7-BCC7F13FFB3D}"
EndProject
Project("{FAE04EC0-301F-11D3-BF4B-00C04F79EFBC}") = "Common.HttpApi", "src\Common\Common.HttpApi\Common.HttpApi.csproj", "{8759DD9A-7651-4BDC-9F3E-70524FEF2BF8}"
EndProject
Project("{2150E333-8FDC-42A3-9474-1A3956D46DE8}") = "Modules", "Modules", "{6C5C5891-04A7-48B4-A7A7-48F012B32B38}"
EndProject
Project("{2150E333-8FDC-42A3-9474-1A3956D46DE8}") = "AccessControlManagement", "AccessControlManagement", "{C969C38A-9F3B-49D5-94DF-DD127B8F24BC}"
EndProject
Project("{FAE04EC0-301F-11D3-BF4B-00C04F79EFBC}") = "Acm.Domain", "src\Modules\AccessControlManagement\Acm.Domain\Acm.Domain.csproj", "{5A2C352E-CE72-4CD8-B196-A11956C573EC}"
EndProject
Project("{FAE04EC0-301F-11D3-BF4B-00C04F79EFBC}") = "Acm.Infrastructure", "src\Modules\AccessControlManagement\Acm.Infrastructure\Acm.Infrastructure.csproj", "{728E3693-AA58-4C77-8C37-249325D03812}"
EndProject
Project("{FAE04EC0-301F-11D3-BF4B-00C04F79EFBC}") = "Acm.Application", "src\Modules\AccessControlManagement\Acm.Application\Acm.Application.csproj", "{7EFE2110-30EE-4634-B83D-63FBC20EB9D6}"
EndProject
Project("{FAE04EC0-301F-11D3-BF4B-00C04F79EFBC}") = "Acm.Api", "src\Modules\AccessControlManagement\Acm.Api\Acm.Api.csproj", "{7E99A0CC-29B8-4E9E-954D-D4C9A9106D88}"
EndProject
Global
	GlobalSection(SolutionConfigurationPlatforms) = preSolution
		Debug|Any CPU = Debug|Any CPU
		Release|Any CPU = Release|Any CPU
	EndGlobalSection
	GlobalSection(NestedProjects) = preSolution
		{C820C304-29B7-424D-87CF-BE22C6B27D0B} = {544E958D-33B6-4562-A698-DD1E4B421CE9}
		{BD65B284-FC6F-491D-BB94-0C11206A32C9} = {C820C304-29B7-424D-87CF-BE22C6B27D0B}
		{53843EF9-A880-4AEA-A39C-30FDE5A796E7} = {544E958D-33B6-4562-A698-DD1E4B421CE9}
		{A95C2C50-F4DB-4AA2-92DD-5C448577F4B0} = {53843EF9-A880-4AEA-A39C-30FDE5A796E7}
		{15ED7768-AABB-4A82-96EF-4FE6534B09EB} = {53843EF9-A880-4AEA-A39C-30FDE5A796E7}
		{D4A455F8-BC3F-4788-BAC7-BCC7F13FFB3D} = {53843EF9-A880-4AEA-A39C-30FDE5A796E7}
		{8759DD9A-7651-4BDC-9F3E-70524FEF2BF8} = {53843EF9-A880-4AEA-A39C-30FDE5A796E7}
		{6C5C5891-04A7-48B4-A7A7-48F012B32B38} = {544E958D-33B6-4562-A698-DD1E4B421CE9}
		{C969C38A-9F3B-49D5-94DF-DD127B8F24BC} = {6C5C5891-04A7-48B4-A7A7-48F012B32B38}
		{5A2C352E-CE72-4CD8-B196-A11956C573EC} = {C969C38A-9F3B-49D5-94DF-DD127B8F24BC}
		{728E3693-AA58-4C77-8C37-249325D03812} = {C969C38A-9F3B-49D5-94DF-DD127B8F24BC}
		{7EFE2110-30EE-4634-B83D-63FBC20EB9D6} = {C969C38A-9F3B-49D5-94DF-DD127B8F24BC}
		{7E99A0CC-29B8-4E9E-954D-D4C9A9106D88} = {C969C38A-9F3B-49D5-94DF-DD127B8F24BC}
	EndGlobalSection
	GlobalSection(ProjectConfigurationPlatforms) = postSolution
		{BD65B284-FC6F-491D-BB94-0C11206A32C9}.Debug|Any CPU.ActiveCfg = Debug|Any CPU
		{BD65B284-FC6F-491D-BB94-0C11206A32C9}.Debug|Any CPU.Build.0 = Debug|Any CPU
		{BD65B284-FC6F-491D-BB94-0C11206A32C9}.Release|Any CPU.ActiveCfg = Release|Any CPU
		{BD65B284-FC6F-491D-BB94-0C11206A32C9}.Release|Any CPU.Build.0 = Release|Any CPU
		{A95C2C50-F4DB-4AA2-92DD-5C448577F4B0}.Debug|Any CPU.ActiveCfg = Debug|Any CPU
		{A95C2C50-F4DB-4AA2-92DD-5C448577F4B0}.Debug|Any CPU.Build.0 = Debug|Any CPU
		{A95C2C50-F4DB-4AA2-92DD-5C448577F4B0}.Release|Any CPU.ActiveCfg = Release|Any CPU
		{A95C2C50-F4DB-4AA2-92DD-5C448577F4B0}.Release|Any CPU.Build.0 = Release|Any CPU
		{15ED7768-AABB-4A82-96EF-4FE6534B09EB}.Debug|Any CPU.ActiveCfg = Debug|Any CPU
		{15ED7768-AABB-4A82-96EF-4FE6534B09EB}.Debug|Any CPU.Build.0 = Debug|Any CPU
		{15ED7768-AABB-4A82-96EF-4FE6534B09EB}.Release|Any CPU.ActiveCfg = Release|Any CPU
		{15ED7768-AABB-4A82-96EF-4FE6534B09EB}.Release|Any CPU.Build.0 = Release|Any CPU
		{D4A455F8-BC3F-4788-BAC7-BCC7F13FFB3D}.Debug|Any CPU.ActiveCfg = Debug|Any CPU
		{D4A455F8-BC3F-4788-BAC7-BCC7F13FFB3D}.Debug|Any CPU.Build.0 = Debug|Any CPU
		{D4A455F8-BC3F-4788-BAC7-BCC7F13FFB3D}.Release|Any CPU.ActiveCfg = Release|Any CPU
		{D4A455F8-BC3F-4788-BAC7-BCC7F13FFB3D}.Release|Any CPU.Build.0 = Release|Any CPU
		{8759DD9A-7651-4BDC-9F3E-70524FEF2BF8}.Debug|Any CPU.ActiveCfg = Debug|Any CPU
		{8759DD9A-7651-4BDC-9F3E-70524FEF2BF8}.Debug|Any CPU.Build.0 = Debug|Any CPU
		{8759DD9A-7651-4BDC-9F3E-70524FEF2BF8}.Release|Any CPU.ActiveCfg = Release|Any CPU
		{8759DD9A-7651-4BDC-9F3E-70524FEF2BF8}.Release|Any CPU.Build.0 = Release|Any CPU
		{5A2C352E-CE72-4CD8-B196-A11956C573EC}.Debug|Any CPU.ActiveCfg = Debug|Any CPU
		{5A2C352E-CE72-4CD8-B196-A11956C573EC}.Debug|Any CPU.Build.0 = Debug|Any CPU
		{5A2C352E-CE72-4CD8-B196-A11956C573EC}.Release|Any CPU.ActiveCfg = Release|Any CPU
		{5A2C352E-CE72-4CD8-B196-A11956C573EC}.Release|Any CPU.Build.0 = Release|Any CPU
		{728E3693-AA58-4C77-8C37-249325D03812}.Debug|Any CPU.ActiveCfg = Debug|Any CPU
		{728E3693-AA58-4C77-8C37-249325D03812}.Debug|Any CPU.Build.0 = Debug|Any CPU
		{728E3693-AA58-4C77-8C37-249325D03812}.Release|Any CPU.ActiveCfg = Release|Any CPU
		{728E3693-AA58-4C77-8C37-249325D03812}.Release|Any CPU.Build.0 = Release|Any CPU
		{7EFE2110-30EE-4634-B83D-63FBC20EB9D6}.Debug|Any CPU.ActiveCfg = Debug|Any CPU
		{7EFE2110-30EE-4634-B83D-63FBC20EB9D6}.Debug|Any CPU.Build.0 = Debug|Any CPU
		{7EFE2110-30EE-4634-B83D-63FBC20EB9D6}.Release|Any CPU.ActiveCfg = Release|Any CPU
		{7EFE2110-30EE-4634-B83D-63FBC20EB9D6}.Release|Any CPU.Build.0 = Release|Any CPU
		{7E99A0CC-29B8-4E9E-954D-D4C9A9106D88}.Debug|Any CPU.ActiveCfg = Debug|Any CPU
		{7E99A0CC-29B8-4E9E-954D-D4C9A9106D88}.Debug|Any CPU.Build.0 = Debug|Any CPU
		{7E99A0CC-29B8-4E9E-954D-D4C9A9106D88}.Release|Any CPU.ActiveCfg = Release|Any CPU
		{7E99A0CC-29B8-4E9E-954D-D4C9A9106D88}.Release|Any CPU.Build.0 = Release|Any CPU
	EndGlobalSection
EndGlobal
